
Microsoft Visual Studio Solution File, Format Version 12.00
Project("{FAE04EC0-301F-11D3-BF4B-00C04F79EFBC}") = "FontChanger", "FontChanger\FontChanger.csproj", "{D7E0B9D3-547D-4D48-A07D-6C9ED0065042}"
EndProject
Global
	GlobalSection(SolutionConfigurationPlatforms) = preSolution
		Debug|Any CPU = Debug|Any CPU
		Release|Any CPU = Release|Any CPU
	EndGlobalSection
	GlobalSection(ProjectConfigurationPlatforms) = postSolution
		{D7E0B9D3-547D-4D48-A07D-6C9ED0065042}.Debug|Any CPU.ActiveCfg = Debug|Any CPU
		{D7E0B9D3-547D-4D48-A07D-6C9ED0065042}.Debug|Any CPU.Build.0 = Debug|Any CPU
		{D7E0B9D3-547D-4D48-A07D-6C9ED0065042}.Release|Any CPU.ActiveCfg = Release|Any CPU
		{D7E0B9D3-547D-4D48-A07D-6C9ED0065042}.Release|Any CPU.Build.0 = Release|Any CPU
	EndGlobalSection
EndGlobal
